
Microsoft Visual Studio Solution File, Format Version 12.00
# Visual Studio 15
VisualStudioVersion = 15.0.28010.2048
MinimumVisualStudioVersion = 10.0.40219.1
Project("{FAE04EC0-301F-11D3-BF4B-00C04F79EFBC}") = "addressbook_webtest", "addressbook_webtest\addressbook_webtest.csproj", "{7E2F1D3A-E5A4-4B93-AD6E-BFDF2DF78511}"
EndProject
Project("{FAE04EC0-301F-11D3-BF4B-00C04F79EFBC}") = "addressbook_webtest_data_generators", "Program\addressbook_webtest_data_generators.csproj", "{19FF47BC-A74E-4DD1-8F44-E8B9AD8A766B}"
	ProjectSection(ProjectDependencies) = postProject
		{7E2F1D3A-E5A4-4B93-AD6E-BFDF2DF78511} = {7E2F1D3A-E5A4-4B93-AD6E-BFDF2DF78511}
	EndProjectSection
EndProject
Global
	GlobalSection(SolutionConfigurationPlatforms) = preSolution
		Debug|Any CPU = Debug|Any CPU
		Release|Any CPU = Release|Any CPU
	EndGlobalSection
	GlobalSection(ProjectConfigurationPlatforms) = postSolution
		{7E2F1D3A-E5A4-4B93-AD6E-BFDF2DF78511}.Debug|Any CPU.ActiveCfg = Debug|Any CPU
		{7E2F1D3A-E5A4-4B93-AD6E-BFDF2DF78511}.Debug|Any CPU.Build.0 = Debug|Any CPU
		{7E2F1D3A-E5A4-4B93-AD6E-BFDF2DF78511}.Release|Any CPU.ActiveCfg = Release|Any CPU
		{7E2F1D3A-E5A4-4B93-AD6E-BFDF2DF78511}.Release|Any CPU.Build.0 = Release|Any CPU
		{19FF47BC-A74E-4DD1-8F44-E8B9AD8A766B}.Debug|Any CPU.ActiveCfg = Debug|Any CPU
		{19FF47BC-A74E-4DD1-8F44-E8B9AD8A766B}.Debug|Any CPU.Build.0 = Debug|Any CPU
		{19FF47BC-A74E-4DD1-8F44-E8B9AD8A766B}.Release|Any CPU.ActiveCfg = Release|Any CPU
		{19FF47BC-A74E-4DD1-8F44-E8B9AD8A766B}.Release|Any CPU.Build.0 = Release|Any CPU
	EndGlobalSection
	GlobalSection(SolutionProperties) = preSolution
		HideSolutionNode = FALSE
	EndGlobalSection
	GlobalSection(ExtensibilityGlobals) = postSolution
		SolutionGuid = {F52CC014-291A-454D-B9D0-DA3F61A7B123}
	EndGlobalSection
EndGlobal
